
Microsoft Visual Studio Solution File, Format Version 12.00
# Visual Studio Version 16
VisualStudioVersion = 16.0.29025.244
MinimumVisualStudioVersion = 10.0.40219.1
Project("{FAE04EC0-301F-11D3-BF4B-00C04F79EFBC}") = "App2.Android", "App2\App2.Android\App2.Android.csproj", "{E6181FD8-B7D3-439F-A990-5F6983ADE985}"
EndProject
Project("{FAE04EC0-301F-11D3-BF4B-00C04F79EFBC}") = "App2.iOS", "App2\App2.iOS\App2.iOS.csproj", "{FEC9853C-1078-4990-8768-C3418888BBA6}"
EndProject
Project("{FAE04EC0-301F-11D3-BF4B-00C04F79EFBC}") = "Kung Flu", "App2\App2\Kung Flu.csproj", "{B7744D29-B755-4244-9659-53B3C45EDE55}"
EndProject
Global
	GlobalSection(SolutionConfigurationPlatforms) = preSolution
		Debug|Any CPU = Debug|Any CPU
		Debug|iPhone = Debug|iPhone
		Debug|iPhoneSimulator = Debug|iPhoneSimulator
		Release|Any CPU = Release|Any CPU
		Release|iPhone = Release|iPhone
		Release|iPhoneSimulator = Release|iPhoneSimulator
	EndGlobalSection
	GlobalSection(ProjectConfigurationPlatforms) = postSolution
		{E6181FD8-B7D3-439F-A990-5F6983ADE985}.Debug|Any CPU.ActiveCfg = Debug|Any CPU
		{E6181FD8-B7D3-439F-A990-5F6983ADE985}.Debug|Any CPU.Build.0 = Debug|Any CPU
		{E6181FD8-B7D3-439F-A990-5F6983ADE985}.Debug|Any CPU.Deploy.0 = Debug|Any CPU
		{E6181FD8-B7D3-439F-A990-5F6983ADE985}.Debug|iPhone.ActiveCfg = Debug|Any CPU
		{E6181FD8-B7D3-439F-A990-5F6983ADE985}.Debug|iPhone.Build.0 = Debug|Any CPU
		{E6181FD8-B7D3-439F-A990-5F6983ADE985}.Debug|iPhone.Deploy.0 = Debug|Any CPU
		{E6181FD8-B7D3-439F-A990-5F6983ADE985}.Debug|iPhoneSimulator.ActiveCfg = Debug|Any CPU
		{E6181FD8-B7D3-439F-A990-5F6983ADE985}.Debug|iPhoneSimulator.Build.0 = Debug|Any CPU
		{E6181FD8-B7D3-439F-A990-5F6983ADE985}.Debug|iPhoneSimulator.Deploy.0 = Debug|Any CPU
		{E6181FD8-B7D3-439F-A990-5F6983ADE985}.Release|Any CPU.ActiveCfg = Release|Any CPU
		{E6181FD8-B7D3-439F-A990-5F6983ADE985}.Release|Any CPU.Build.0 = Release|Any CPU
		{E6181FD8-B7D3-439F-A990-5F6983ADE985}.Release|Any CPU.Deploy.0 = Release|Any CPU
		{E6181FD8-B7D3-439F-A990-5F6983ADE985}.Release|iPhone.ActiveCfg = Release|Any CPU
		{E6181FD8-B7D3-439F-A990-5F6983ADE985}.Release|iPhone.Build.0 = Release|Any CPU
		{E6181FD8-B7D3-439F-A990-5F6983ADE985}.Release|iPhone.Deploy.0 = Release|Any CPU
		{E6181FD8-B7D3-439F-A990-5F6983ADE985}.Release|iPhoneSimulator.ActiveCfg = Release|Any CPU
		{E6181FD8-B7D3-439F-A990-5F6983ADE985}.Release|iPhoneSimulator.Build.0 = Release|Any CPU
		{E6181FD8-B7D3-439F-A990-5F6983ADE985}.Release|iPhoneSimulator.Deploy.0 = Release|Any CPU
		{FEC9853C-1078-4990-8768-C3418888BBA6}.Debug|Any CPU.ActiveCfg = Debug|iPhoneSimulator
		{FEC9853C-1078-4990-8768-C3418888BBA6}.Debug|Any CPU.Build.0 = Debug|iPhoneSimulator
		{FEC9853C-1078-4990-8768-C3418888BBA6}.Debug|Any CPU.Deploy.0 = Debug|iPhoneSimulator
		{FEC9853C-1078-4990-8768-C3418888BBA6}.Debug|iPhone.ActiveCfg = Debug|iPhone
		{FEC9853C-1078-4990-8768-C3418888BBA6}.Debug|iPhone.Build.0 = Debug|iPhone
		{FEC9853C-1078-4990-8768-C3418888BBA6}.Debug|iPhone.Deploy.0 = Debug|iPhone
		{FEC9853C-1078-4990-8768-C3418888BBA6}.Debug|iPhoneSimulator.ActiveCfg = Debug|iPhoneSimulator
		{FEC9853C-1078-4990-8768-C3418888BBA6}.Debug|iPhoneSimulator.Build.0 = Debug|iPhoneSimulator
		{FEC9853C-1078-4990-8768-C3418888BBA6}.Debug|iPhoneSimulator.Deploy.0 = Debug|iPhoneSimulator
		{FEC9853C-1078-4990-8768-C3418888BBA6}.Release|Any CPU.ActiveCfg = Release|iPhone
		{FEC9853C-1078-4990-8768-C3418888BBA6}.Release|Any CPU.Build.0 = Release|iPhone
		{FEC9853C-1078-4990-8768-C3418888BBA6}.Release|Any CPU.Deploy.0 = Release|iPhone
		{FEC9853C-1078-4990-8768-C3418888BBA6}.Release|iPhone.ActiveCfg = Release|iPhone
		{FEC9853C-1078-4990-8768-C3418888BBA6}.Release|iPhone.Build.0 = Release|iPhone
		{FEC9853C-1078-4990-8768-C3418888BBA6}.Release|iPhone.Deploy.0 = Release|iPhone
		{FEC9853C-1078-4990-8768-C3418888BBA6}.Release|iPhoneSimulator.ActiveCfg = Release|iPhoneSimulator
		{FEC9853C-1078-4990-8768-C3418888BBA6}.Release|iPhoneSimulator.Build.0 = Release|iPhoneSimulator
		{FEC9853C-1078-4990-8768-C3418888BBA6}.Release|iPhoneSimulator.Deploy.0 = Release|iPhoneSimulator
		{B7744D29-B755-4244-9659-53B3C45EDE55}.Debug|Any CPU.ActiveCfg = Debug|Any CPU
		{B7744D29-B755-4244-9659-53B3C45EDE55}.Debug|Any CPU.Build.0 = Debug|Any CPU
		{B7744D29-B755-4244-9659-53B3C45EDE55}.Debug|Any CPU.Deploy.0 = Debug|Any CPU
		{B7744D29-B755-4244-9659-53B3C45EDE55}.Debug|iPhone.ActiveCfg = Debug|Any CPU
		{B7744D29-B755-4244-9659-53B3C45EDE55}.Debug|iPhone.Build.0 = Debug|Any CPU
		{B7744D29-B755-4244-9659-53B3C45EDE55}.Debug|iPhone.Deploy.0 = Debug|Any CPU
		{B7744D29-B755-4244-9659-53B3C45EDE55}.Debug|iPhoneSimulator.ActiveCfg = Debug|Any CPU
		{B7744D29-B755-4244-9659-53B3C45EDE55}.Debug|iPhoneSimulator.Build.0 = Debug|Any CPU
		{B7744D29-B755-4244-9659-53B3C45EDE55}.Debug|iPhoneSimulator.Deploy.0 = Debug|Any CPU
		{B7744D29-B755-4244-9659-53B3C45EDE55}.Release|Any CPU.ActiveCfg = Release|Any CPU
		{B7744D29-B755-4244-9659-53B3C45EDE55}.Release|Any CPU.Build.0 = Release|Any CPU
		{B7744D29-B755-4244-9659-53B3C45EDE55}.Release|Any CPU.Deploy.0 = Release|Any CPU
		{B7744D29-B755-4244-9659-53B3C45EDE55}.Release|iPhone.ActiveCfg = Release|Any CPU
		{B7744D29-B755-4244-9659-53B3C45EDE55}.Release|iPhone.Build.0 = Release|Any CPU
		{B7744D29-B755-4244-9659-53B3C45EDE55}.Release|iPhone.Deploy.0 = Release|Any CPU
		{B7744D29-B755-4244-9659-53B3C45EDE55}.Release|iPhoneSimulator.ActiveCfg = Release|Any CPU
		{B7744D29-B755-4244-9659-53B3C45EDE55}.Release|iPhoneSimulator.Build.0 = Release|Any CPU
		{B7744D29-B755-4244-9659-53B3C45EDE55}.Release|iPhoneSimulator.Deploy.0 = Release|Any CPU
	EndGlobalSection
	GlobalSection(SolutionProperties) = preSolution
		HideSolutionNode = FALSE
	EndGlobalSection
	GlobalSection(ExtensibilityGlobals) = postSolution
		SolutionGuid = {BE9A2E05-BBF8-4CB1-ABB2-9589B113B5B7}
	EndGlobalSection
EndGlobal
